
Microsoft Visual Studio Solution File, Format Version 12.00
# Visual Studio 15
VisualStudioVersion = 15.0.27428.2015
MinimumVisualStudioVersion = 10.0.40219.1
Project("{FAE04EC0-301F-11D3-BF4B-00C04F79EFBC}") = "Assignment5", "Assignment5\Assignment5.csproj", "{70A82A61-0E32-46BD-B687-8CD224C8C5DF}"
EndProject
Global
	GlobalSection(SolutionConfigurationPlatforms) = preSolution
		Debug|Any CPU = Debug|Any CPU
		Release|Any CPU = Release|Any CPU
	EndGlobalSection
	GlobalSection(ProjectConfigurationPlatforms) = postSolution
		{70A82A61-0E32-46BD-B687-8CD224C8C5DF}.Debug|Any CPU.ActiveCfg = Debug|Any CPU
		{70A82A61-0E32-46BD-B687-8CD224C8C5DF}.Debug|Any CPU.Build.0 = Debug|Any CPU
		{70A82A61-0E32-46BD-B687-8CD224C8C5DF}.Release|Any CPU.ActiveCfg = Release|Any CPU
		{70A82A61-0E32-46BD-B687-8CD224C8C5DF}.Release|Any CPU.Build.0 = Release|Any CPU
	EndGlobalSection
	GlobalSection(SolutionProperties) = preSolution
		HideSolutionNode = FALSE
	EndGlobalSection
	GlobalSection(ExtensibilityGlobals) = postSolution
		SolutionGuid = {260205F8-D082-4473-AD8E-6908255412FA}
	EndGlobalSection
EndGlobal
